# This file is automatically @generated by Cargo.
# It is not intended for manual editing.
version = 4

[[package]]
name = "khatam"
version = "0.1.0"
dependencies = [
 "khatam-build",
 "khatam-chain",
 "khatam-emulator",
 "khatam-era",
 "khatam-rules",
 "khatam-sign",
 "khatam-zone",
]

[[package]]
name = "khatam-build"
version = "0.1.0"
dependencies = [
 "khatam-era",
 "khatam-rules",
 "khatam-zone",
]

[[package]]
name = "khatam-chain"
version = "0.1.0"
dependencies = [
 "khatam-era",
]

[[package]]
name = "khatam-cli"
version = "0.1.0"
dependencies = [
 "khatam",
]

[[package]]
name = "khatam-conformance"
version = "0.1.0"
dependencies = [
 "khatam",
 "khatam-build",
 "khatam-chain",
 "khatam-emulator",
 "khatam-era",
 "khatam-rules",
 "khatam-sign",
 "khatam-zone",
]

[[package]]
name = "khatam-emulator"
version = "0.1.0"
dependencies = [
 "khatam-era",
 "khatam-rules",
 "khatam-zone",
]

[[package]]
name = "khatam-era"
version = "0.1.0"

[[package]]
name = "khatam-rules"
version = "0.1.0"
dependencies = [
 "khatam-era",
]

[[package]]
name = "khatam-sign"
version = "0.1.0"
dependencies = [
 "khatam-era",
]

[[package]]
name = "khatam-zone"
version = "0.1.0"
dependencies = [
 "khatam-era",
 "khatam-rules",
]
